
Microsoft Visual Studio Solution File, Format Version 12.00
# Visual Studio Version 17
VisualStudioVersion = 17.9.34902.65
MinimumVisualStudioVersion = 10.0.40219.1
Project("{9A19103F-16F7-4668-BE54-9A1E7A4F7556}") = "BirthdayChallenge", "BirthdayChallenge\BirthdayChallenge.csproj", "{C0CAA796-A962-4EB6-96B3-A673D5AC72E6}"
EndProject
Project("{FAE04EC0-301F-11D3-BF4B-00C04F79EFBC}") = "FileNameParser", "FileNameParser\FileNameParser.csproj", "{61FEE104-3DF7-4D87-9FBC-DA7C80A81156}"
EndProject
Global
	GlobalSection(SolutionConfigurationPlatforms) = preSolution
		Debug|Any CPU = Debug|Any CPU
		Release|Any CPU = Release|Any CPU
	EndGlobalSection
	GlobalSection(ProjectConfigurationPlatforms) = postSolution
		{C0CAA796-A962-4EB6-96B3-A673D5AC72E6}.Debug|Any CPU.ActiveCfg = Debug|Any CPU
		{C0CAA796-A962-4EB6-96B3-A673D5AC72E6}.Debug|Any CPU.Build.0 = Debug|Any CPU
		{C0CAA796-A962-4EB6-96B3-A673D5AC72E6}.Release|Any CPU.ActiveCfg = Release|Any CPU
		{C0CAA796-A962-4EB6-96B3-A673D5AC72E6}.Release|Any CPU.Build.0 = Release|Any CPU
		{61FEE104-3DF7-4D87-9FBC-DA7C80A81156}.Debug|Any CPU.ActiveCfg = Debug|Any CPU
		{61FEE104-3DF7-4D87-9FBC-DA7C80A81156}.Debug|Any CPU.Build.0 = Debug|Any CPU
		{61FEE104-3DF7-4D87-9FBC-DA7C80A81156}.Release|Any CPU.ActiveCfg = Release|Any CPU
		{61FEE104-3DF7-4D87-9FBC-DA7C80A81156}.Release|Any CPU.Build.0 = Release|Any CPU
	EndGlobalSection
	GlobalSection(SolutionProperties) = preSolution
		HideSolutionNode = FALSE
	EndGlobalSection
	GlobalSection(ExtensibilityGlobals) = postSolution
		SolutionGuid = {24294A79-ADC3-40EB-AD4B-F3AFB1AAC273}
	EndGlobalSection
EndGlobal
